
Microsoft Visual Studio Solution File, Format Version 12.00
# Visual Studio Version 17
VisualStudioVersion = 17.1.32228.430
MinimumVisualStudioVersion = 10.0.40219.1
Project("{FAE04EC0-301F-11D3-BF4B-00C04F79EFBC}") = "api-balta-sqlite", "api-balta-sqlite\api-balta-sqlite.csproj", "{88647093-C75A-44DE-A236-21787306B8CC}"
EndProject
Global
	GlobalSection(SolutionConfigurationPlatforms) = preSolution
		Debug|Any CPU = Debug|Any CPU
		Release|Any CPU = Release|Any CPU
	EndGlobalSection
	GlobalSection(ProjectConfigurationPlatforms) = postSolution
		{88647093-C75A-44DE-A236-21787306B8CC}.Debug|Any CPU.ActiveCfg = Debug|Any CPU
		{88647093-C75A-44DE-A236-21787306B8CC}.Debug|Any CPU.Build.0 = Debug|Any CPU
		{88647093-C75A-44DE-A236-21787306B8CC}.Release|Any CPU.ActiveCfg = Release|Any CPU
		{88647093-C75A-44DE-A236-21787306B8CC}.Release|Any CPU.Build.0 = Release|Any CPU
	EndGlobalSection
	GlobalSection(SolutionProperties) = preSolution
		HideSolutionNode = FALSE
	EndGlobalSection
	GlobalSection(ExtensibilityGlobals) = postSolution
		SolutionGuid = {529B24CA-4558-4775-AB24-1D109C85A9EF}
	EndGlobalSection
EndGlobal
